
Microsoft Visual Studio Solution File, Format Version 12.00
# Visual Studio Version 17
VisualStudioVersion = 17.0.31903.59
MinimumVisualStudioVersion = 10.0.40219.1
Project("{FAE04EC0-301F-11D3-BF4B-00C04F79EFBC}") = "API", "API\API.csproj", "{50E36BAE-5A57-4690-98A4-2C67F862D135}"
EndProject
Project("{FAE04EC0-301F-11D3-BF4B-00C04F79EFBC}") = "Application", "Application\Application.csproj", "{47676AFC-925E-46AD-934C-B83B1B279BC7}"
EndProject
Project("{FAE04EC0-301F-11D3-BF4B-00C04F79EFBC}") = "Persistence", "Persistence\Persistence.csproj", "{FCDF87CB-2BD3-45FE-A2A6-20A06DD9460B}"
EndProject
Project("{FAE04EC0-301F-11D3-BF4B-00C04F79EFBC}") = "Domain", "Domain\Domain.csproj", "{871D59AC-922B-4F0E-9AA2-3B8C543BEA93}"
EndProject
Global
	GlobalSection(SolutionConfigurationPlatforms) = preSolution
		Debug|Any CPU = Debug|Any CPU
		Release|Any CPU = Release|Any CPU
	EndGlobalSection
	GlobalSection(SolutionProperties) = preSolution
		HideSolutionNode = FALSE
	EndGlobalSection
	GlobalSection(ProjectConfigurationPlatforms) = postSolution
		{50E36BAE-5A57-4690-98A4-2C67F862D135}.Debug|Any CPU.ActiveCfg = Debug|Any CPU
		{50E36BAE-5A57-4690-98A4-2C67F862D135}.Debug|Any CPU.Build.0 = Debug|Any CPU
		{50E36BAE-5A57-4690-98A4-2C67F862D135}.Release|Any CPU.ActiveCfg = Release|Any CPU
		{50E36BAE-5A57-4690-98A4-2C67F862D135}.Release|Any CPU.Build.0 = Release|Any CPU
		{47676AFC-925E-46AD-934C-B83B1B279BC7}.Debug|Any CPU.ActiveCfg = Debug|Any CPU
		{47676AFC-925E-46AD-934C-B83B1B279BC7}.Debug|Any CPU.Build.0 = Debug|Any CPU
		{47676AFC-925E-46AD-934C-B83B1B279BC7}.Release|Any CPU.ActiveCfg = Release|Any CPU
		{47676AFC-925E-46AD-934C-B83B1B279BC7}.Release|Any CPU.Build.0 = Release|Any CPU
		{FCDF87CB-2BD3-45FE-A2A6-20A06DD9460B}.Debug|Any CPU.ActiveCfg = Debug|Any CPU
		{FCDF87CB-2BD3-45FE-A2A6-20A06DD9460B}.Debug|Any CPU.Build.0 = Debug|Any CPU
		{FCDF87CB-2BD3-45FE-A2A6-20A06DD9460B}.Release|Any CPU.ActiveCfg = Release|Any CPU
		{FCDF87CB-2BD3-45FE-A2A6-20A06DD9460B}.Release|Any CPU.Build.0 = Release|Any CPU
		{871D59AC-922B-4F0E-9AA2-3B8C543BEA93}.Debug|Any CPU.ActiveCfg = Debug|Any CPU
		{871D59AC-922B-4F0E-9AA2-3B8C543BEA93}.Debug|Any CPU.Build.0 = Debug|Any CPU
		{871D59AC-922B-4F0E-9AA2-3B8C543BEA93}.Release|Any CPU.ActiveCfg = Release|Any CPU
		{871D59AC-922B-4F0E-9AA2-3B8C543BEA93}.Release|Any CPU.Build.0 = Release|Any CPU
	EndGlobalSection
EndGlobal
